
Microsoft Visual Studio Solution File, Format Version 12.00
# Visual Studio Version 16
VisualStudioVersion = 16.0.31727.386
MinimumVisualStudioVersion = 10.0.40219.1
Project("{FAE04EC0-301F-11D3-BF4B-00C04F79EFBC}") = "NapierBankMessaging", "NapierBankMessaging\NapierBankMessaging.csproj", "{9D8B8AAE-D9BB-4DCA-9B69-2C5A906823A6}"
EndProject
Global
	GlobalSection(SolutionConfigurationPlatforms) = preSolution
		Debug|Any CPU = Debug|Any CPU
		Release|Any CPU = Release|Any CPU
	EndGlobalSection
	GlobalSection(ProjectConfigurationPlatforms) = postSolution
		{9D8B8AAE-D9BB-4DCA-9B69-2C5A906823A6}.Debug|Any CPU.ActiveCfg = Debug|Any CPU
		{9D8B8AAE-D9BB-4DCA-9B69-2C5A906823A6}.Debug|Any CPU.Build.0 = Debug|Any CPU
		{9D8B8AAE-D9BB-4DCA-9B69-2C5A906823A6}.Release|Any CPU.ActiveCfg = Release|Any CPU
		{9D8B8AAE-D9BB-4DCA-9B69-2C5A906823A6}.Release|Any CPU.Build.0 = Release|Any CPU
	EndGlobalSection
	GlobalSection(SolutionProperties) = preSolution
		HideSolutionNode = FALSE
	EndGlobalSection
	GlobalSection(ExtensibilityGlobals) = postSolution
		SolutionGuid = {7C52AFBE-4D7D-4A1D-807B-222B5B129251}
	EndGlobalSection
EndGlobal
